
Microsoft Visual Studio Solution File, Format Version 12.00
# Visual Studio Version 16
VisualStudioVersion = 16.0.31205.134
MinimumVisualStudioVersion = 10.0.40219.1
Project("{FAE04EC0-301F-11D3-BF4B-00C04F79EFBC}") = "NeoArcade", "NeoArcade.csproj", "{215E8D97-6801-4B4C-8B82-7815A43A9721}"
EndProject
Global
	GlobalSection(SolutionConfigurationPlatforms) = preSolution
		Debug|Any CPU = Debug|Any CPU
		Release|Any CPU = Release|Any CPU
	EndGlobalSection
	GlobalSection(ProjectConfigurationPlatforms) = postSolution
		{215E8D97-6801-4B4C-8B82-7815A43A9721}.Debug|Any CPU.ActiveCfg = Debug|Any CPU
		{215E8D97-6801-4B4C-8B82-7815A43A9721}.Debug|Any CPU.Build.0 = Debug|Any CPU
		{215E8D97-6801-4B4C-8B82-7815A43A9721}.Release|Any CPU.ActiveCfg = Release|Any CPU
		{215E8D97-6801-4B4C-8B82-7815A43A9721}.Release|Any CPU.Build.0 = Release|Any CPU
	EndGlobalSection
	GlobalSection(SolutionProperties) = preSolution
		HideSolutionNode = FALSE
	EndGlobalSection
	GlobalSection(ExtensibilityGlobals) = postSolution
		SolutionGuid = {7EBB5E9A-78DB-4CC6-98DB-81C79A2F0D75}
	EndGlobalSection
EndGlobal
